
Microsoft Visual Studio Solution File, Format Version 12.00
Project("{FAE04EC0-301F-11D3-BF4B-00C04F79EFBC}") = "KeyColor", "KeyColor\KeyColor.csproj", "{77B885AD-C4EA-40F9-98F0-2B5AA626A233}"
EndProject
Project("{FAE04EC0-301F-11D3-BF4B-00C04F79EFBC}") = "KeyColor.UnitTest", "KeyColor.UnitTest\KeyColor.UnitTest.csproj", "{71660024-BEC9-4CD3-A4A5-D3C177F86513}"
EndProject
Project("{FAE04EC0-301F-11D3-BF4B-00C04F79EFBC}") = "KeyColor.Demo", "KeyColor.Demo\KeyColor.Demo.csproj", "{CFF24C9A-8A55-40E5-99CD-4351465AAD6D}"
EndProject
Project("{FAE04EC0-301F-11D3-BF4B-00C04F79EFBC}") = "KeyColor.Benchmark", "KeyColor.Benchmark\KeyColor.Benchmark.csproj", "{F71F0EB5-0DAD-4E7D-AE19-1359E88741F8}"
EndProject
Project("{FAE04EC0-301F-11D3-BF4B-00C04F79EFBC}") = "KeyColor.Benchmark.NetCore31", "KeyColor.Benchmark.NetCore31\KeyColor.Benchmark.NetCore31.csproj", "{6F7160A4-E788-46CA-BF6C-50FB985F24DC}"
EndProject
Global
	GlobalSection(SolutionConfigurationPlatforms) = preSolution
		Debug|Any CPU = Debug|Any CPU
		Release|Any CPU = Release|Any CPU
	EndGlobalSection
	GlobalSection(ProjectConfigurationPlatforms) = postSolution
		{77B885AD-C4EA-40F9-98F0-2B5AA626A233}.Debug|Any CPU.ActiveCfg = Debug|Any CPU
		{77B885AD-C4EA-40F9-98F0-2B5AA626A233}.Debug|Any CPU.Build.0 = Debug|Any CPU
		{77B885AD-C4EA-40F9-98F0-2B5AA626A233}.Release|Any CPU.ActiveCfg = Release|Any CPU
		{77B885AD-C4EA-40F9-98F0-2B5AA626A233}.Release|Any CPU.Build.0 = Release|Any CPU
		{71660024-BEC9-4CD3-A4A5-D3C177F86513}.Debug|Any CPU.ActiveCfg = Debug|Any CPU
		{71660024-BEC9-4CD3-A4A5-D3C177F86513}.Debug|Any CPU.Build.0 = Debug|Any CPU
		{71660024-BEC9-4CD3-A4A5-D3C177F86513}.Release|Any CPU.ActiveCfg = Release|Any CPU
		{71660024-BEC9-4CD3-A4A5-D3C177F86513}.Release|Any CPU.Build.0 = Release|Any CPU
		{CFF24C9A-8A55-40E5-99CD-4351465AAD6D}.Debug|Any CPU.ActiveCfg = Debug|Any CPU
		{CFF24C9A-8A55-40E5-99CD-4351465AAD6D}.Debug|Any CPU.Build.0 = Debug|Any CPU
		{CFF24C9A-8A55-40E5-99CD-4351465AAD6D}.Release|Any CPU.ActiveCfg = Release|Any CPU
		{CFF24C9A-8A55-40E5-99CD-4351465AAD6D}.Release|Any CPU.Build.0 = Release|Any CPU
		{F71F0EB5-0DAD-4E7D-AE19-1359E88741F8}.Debug|Any CPU.ActiveCfg = Debug|Any CPU
		{F71F0EB5-0DAD-4E7D-AE19-1359E88741F8}.Debug|Any CPU.Build.0 = Debug|Any CPU
		{F71F0EB5-0DAD-4E7D-AE19-1359E88741F8}.Release|Any CPU.ActiveCfg = Release|Any CPU
		{F71F0EB5-0DAD-4E7D-AE19-1359E88741F8}.Release|Any CPU.Build.0 = Release|Any CPU
		{6F7160A4-E788-46CA-BF6C-50FB985F24DC}.Debug|Any CPU.ActiveCfg = Debug|Any CPU
		{6F7160A4-E788-46CA-BF6C-50FB985F24DC}.Debug|Any CPU.Build.0 = Debug|Any CPU
		{6F7160A4-E788-46CA-BF6C-50FB985F24DC}.Release|Any CPU.ActiveCfg = Release|Any CPU
		{6F7160A4-E788-46CA-BF6C-50FB985F24DC}.Release|Any CPU.Build.0 = Release|Any CPU
	EndGlobalSection
EndGlobal
