
Microsoft Visual Studio Solution File, Format Version 12.00
Project("{FAE04EC0-301F-11D3-BF4B-00C04F79EFBC}") = "KeyColor", "KeyColor\KeyColor.csproj", "{77B885AD-C4EA-40F9-98F0-2B5AA626A233}"
EndProject
Project("{FAE04EC0-301F-11D3-BF4B-00C04F79EFBC}") = "KeyColor.UnitTest", "KeyColor.UnitTest\KeyColor.UnitTest.csproj", "{71660024-BEC9-4CD3-A4A5-D3C177F86513}"
EndProject
Global
	GlobalSection(SolutionConfigurationPlatforms) = preSolution
		Debug|Any CPU = Debug|Any CPU
		Release|Any CPU = Release|Any CPU
	EndGlobalSection
	GlobalSection(ProjectConfigurationPlatforms) = postSolution
		{77B885AD-C4EA-40F9-98F0-2B5AA626A233}.Debug|Any CPU.ActiveCfg = Debug|Any CPU
		{77B885AD-C4EA-40F9-98F0-2B5AA626A233}.Debug|Any CPU.Build.0 = Debug|Any CPU
		{77B885AD-C4EA-40F9-98F0-2B5AA626A233}.Release|Any CPU.ActiveCfg = Release|Any CPU
		{77B885AD-C4EA-40F9-98F0-2B5AA626A233}.Release|Any CPU.Build.0 = Release|Any CPU
		{71660024-BEC9-4CD3-A4A5-D3C177F86513}.Debug|Any CPU.ActiveCfg = Debug|Any CPU
		{71660024-BEC9-4CD3-A4A5-D3C177F86513}.Debug|Any CPU.Build.0 = Debug|Any CPU
		{71660024-BEC9-4CD3-A4A5-D3C177F86513}.Release|Any CPU.ActiveCfg = Release|Any CPU
		{71660024-BEC9-4CD3-A4A5-D3C177F86513}.Release|Any CPU.Build.0 = Release|Any CPU
	EndGlobalSection
EndGlobal
